
Microsoft Visual Studio Solution File, Format Version 12.00
# Visual Studio Version 16
VisualStudioVersion = 16.0.29613.14
MinimumVisualStudioVersion = 10.0.40219.1
Project("{9A19103F-16F7-4668-BE54-9A1E7A4F7556}") = "CocktailsMagician", "CocktailsMagician.csproj", "{1AF3D908-9170-4517-8467-8043CA5A4C85}"
EndProject
Project("{9A19103F-16F7-4668-BE54-9A1E7A4F7556}") = "CocktailsMagician.Data", "..\CocktailsMagician.Data\CocktailsMagician.Data.csproj", "{9EA51914-5BBC-4FF3-A2F6-FEA70C2C3279}"
EndProject
Project("{9A19103F-16F7-4668-BE54-9A1E7A4F7556}") = "CocktailsMagician.Services", "..\CocktailsMagician.Services\CocktailsMagician.Services.csproj", "{CBC04100-E275-4AF3-A8A2-B06C6F0CBD6E}"
EndProject
Project("{FAE04EC0-301F-11D3-BF4B-00C04F79EFBC}") = "CocktailsMagician.Tests", "..\CocktailsMagician.Tests\CocktailsMagician.Tests.csproj", "{CF008737-B2AB-49C3-8230-D4F8F59D7CE0}"
EndProject
Global
	GlobalSection(SolutionConfigurationPlatforms) = preSolution
		Debug|Any CPU = Debug|Any CPU
		Release|Any CPU = Release|Any CPU
	EndGlobalSection
	GlobalSection(ProjectConfigurationPlatforms) = postSolution
		{1AF3D908-9170-4517-8467-8043CA5A4C85}.Debug|Any CPU.ActiveCfg = Debug|Any CPU
		{1AF3D908-9170-4517-8467-8043CA5A4C85}.Debug|Any CPU.Build.0 = Debug|Any CPU
		{1AF3D908-9170-4517-8467-8043CA5A4C85}.Release|Any CPU.ActiveCfg = Release|Any CPU
		{1AF3D908-9170-4517-8467-8043CA5A4C85}.Release|Any CPU.Build.0 = Release|Any CPU
		{9EA51914-5BBC-4FF3-A2F6-FEA70C2C3279}.Debug|Any CPU.ActiveCfg = Debug|Any CPU
		{9EA51914-5BBC-4FF3-A2F6-FEA70C2C3279}.Debug|Any CPU.Build.0 = Debug|Any CPU
		{9EA51914-5BBC-4FF3-A2F6-FEA70C2C3279}.Release|Any CPU.ActiveCfg = Release|Any CPU
		{9EA51914-5BBC-4FF3-A2F6-FEA70C2C3279}.Release|Any CPU.Build.0 = Release|Any CPU
		{CBC04100-E275-4AF3-A8A2-B06C6F0CBD6E}.Debug|Any CPU.ActiveCfg = Debug|Any CPU
		{CBC04100-E275-4AF3-A8A2-B06C6F0CBD6E}.Debug|Any CPU.Build.0 = Debug|Any CPU
		{CBC04100-E275-4AF3-A8A2-B06C6F0CBD6E}.Release|Any CPU.ActiveCfg = Release|Any CPU
		{CBC04100-E275-4AF3-A8A2-B06C6F0CBD6E}.Release|Any CPU.Build.0 = Release|Any CPU
		{CF008737-B2AB-49C3-8230-D4F8F59D7CE0}.Debug|Any CPU.ActiveCfg = Debug|Any CPU
		{CF008737-B2AB-49C3-8230-D4F8F59D7CE0}.Debug|Any CPU.Build.0 = Debug|Any CPU
		{CF008737-B2AB-49C3-8230-D4F8F59D7CE0}.Release|Any CPU.ActiveCfg = Release|Any CPU
		{CF008737-B2AB-49C3-8230-D4F8F59D7CE0}.Release|Any CPU.Build.0 = Release|Any CPU
	EndGlobalSection
	GlobalSection(SolutionProperties) = preSolution
		HideSolutionNode = FALSE
	EndGlobalSection
	GlobalSection(ExtensibilityGlobals) = postSolution
		SolutionGuid = {EFE2F8E5-78A4-4E36-8E60-C67ADB10336D}
	EndGlobalSection
EndGlobal
